
Microsoft Visual Studio Solution File, Format Version 12.00
# Visual Studio Version 17
VisualStudioVersion = 17.4.33122.133
MinimumVisualStudioVersion = 10.0.40219.1
Project("{FAE04EC0-301F-11D3-BF4B-00C04F79EFBC}") = "harmony-ssl-hook", "harmony-ssl-hook\harmony-ssl-hook.csproj", "{3D0EEAA3-C081-4966-B72B-45FF38F4456C}"
EndProject
Global
	GlobalSection(SolutionConfigurationPlatforms) = preSolution
		Debug|Any CPU = Debug|Any CPU
		Release|Any CPU = Release|Any CPU
	EndGlobalSection
	GlobalSection(ProjectConfigurationPlatforms) = postSolution
		{3D0EEAA3-C081-4966-B72B-45FF38F4456C}.Debug|Any CPU.ActiveCfg = Debug|Any CPU
		{3D0EEAA3-C081-4966-B72B-45FF38F4456C}.Debug|Any CPU.Build.0 = Debug|Any CPU
		{3D0EEAA3-C081-4966-B72B-45FF38F4456C}.Release|Any CPU.ActiveCfg = Debug|Any CPU
		{3D0EEAA3-C081-4966-B72B-45FF38F4456C}.Release|Any CPU.Build.0 = Debug|Any CPU
	EndGlobalSection
	GlobalSection(SolutionProperties) = preSolution
		HideSolutionNode = FALSE
	EndGlobalSection
	GlobalSection(ExtensibilityGlobals) = postSolution
		SolutionGuid = {2D9590F3-8AAD-4BDA-82D8-6C12C81CB3BA}
	EndGlobalSection
EndGlobal
